
Microsoft Visual Studio Solution File, Format Version 12.00
# Visual Studio Version 17
VisualStudioVersion = 17.12.35514.174 d17.12
MinimumVisualStudioVersion = 10.0.40219.1
Project("{FAE04EC0-301F-11D3-BF4B-00C04F79EFBC}") = "Routey", "Routey\Routey.csproj", "{B05266ED-8494-4E58-A5C2-EE118D73FBAB}"
EndProject
Global
	GlobalSection(SolutionConfigurationPlatforms) = preSolution
		Debug|Any CPU = Debug|Any CPU
		Release|Any CPU = Release|Any CPU
	EndGlobalSection
	GlobalSection(ProjectConfigurationPlatforms) = postSolution
		{B05266ED-8494-4E58-A5C2-EE118D73FBAB}.Debug|Any CPU.ActiveCfg = Debug|Any CPU
		{B05266ED-8494-4E58-A5C2-EE118D73FBAB}.Debug|Any CPU.Build.0 = Debug|Any CPU
		{B05266ED-8494-4E58-A5C2-EE118D73FBAB}.Release|Any CPU.ActiveCfg = Release|Any CPU
		{B05266ED-8494-4E58-A5C2-EE118D73FBAB}.Release|Any CPU.Build.0 = Release|Any CPU
	EndGlobalSection
	GlobalSection(SolutionProperties) = preSolution
		HideSolutionNode = FALSE
	EndGlobalSection
EndGlobal
