
Microsoft Visual Studio Solution File, Format Version 12.00
# Visual Studio Version 17
VisualStudioVersion = 17.12.35514.174
MinimumVisualStudioVersion = 10.0.40219.1
Project("{FAE04EC0-301F-11D3-BF4B-00C04F79EFBC}") = "HueApp", "HueApp\HueApp.csproj", "{78DA3E0D-B6B2-46F9-BAAF-BB4942859DC4}"
EndProject
Project("{FAE04EC0-301F-11D3-BF4B-00C04F79EFBC}") = "HueApp.Domain", "HueApp.Domain\HueApp.Domain.csproj", "{1D079F04-46F7-47BE-B6AA-D9722347E040}"
EndProject
Project("{FAE04EC0-301F-11D3-BF4B-00C04F79EFBC}") = "HueApp.Infrastructure", "HueApp.Infrastructure\HueApp.Infrastructure.csproj", "{E2A609F2-25A5-4CAF-991C-95AC645CFD3B}"
EndProject
Project("{FAE04EC0-301F-11D3-BF4B-00C04F79EFBC}") = "HueApp.ViewModels", "HueApp.ViewModels\HueApp.ViewModels.csproj", "{77B9FC4E-21F0-4F44-BD13-9976D9C9B2BB}"
EndProject
Global
	GlobalSection(SolutionConfigurationPlatforms) = preSolution
		Debug|Any CPU = Debug|Any CPU
		Release|Any CPU = Release|Any CPU
	EndGlobalSection
	GlobalSection(ProjectConfigurationPlatforms) = postSolution
		{78DA3E0D-B6B2-46F9-BAAF-BB4942859DC4}.Debug|Any CPU.ActiveCfg = Debug|Any CPU
		{78DA3E0D-B6B2-46F9-BAAF-BB4942859DC4}.Debug|Any CPU.Build.0 = Debug|Any CPU
		{78DA3E0D-B6B2-46F9-BAAF-BB4942859DC4}.Release|Any CPU.ActiveCfg = Release|Any CPU
		{78DA3E0D-B6B2-46F9-BAAF-BB4942859DC4}.Release|Any CPU.Build.0 = Release|Any CPU
		{1D079F04-46F7-47BE-B6AA-D9722347E040}.Debug|Any CPU.ActiveCfg = Debug|Any CPU
		{1D079F04-46F7-47BE-B6AA-D9722347E040}.Debug|Any CPU.Build.0 = Debug|Any CPU
		{1D079F04-46F7-47BE-B6AA-D9722347E040}.Release|Any CPU.ActiveCfg = Release|Any CPU
		{1D079F04-46F7-47BE-B6AA-D9722347E040}.Release|Any CPU.Build.0 = Release|Any CPU
		{E2A609F2-25A5-4CAF-991C-95AC645CFD3B}.Debug|Any CPU.ActiveCfg = Debug|Any CPU
		{E2A609F2-25A5-4CAF-991C-95AC645CFD3B}.Debug|Any CPU.Build.0 = Debug|Any CPU
		{E2A609F2-25A5-4CAF-991C-95AC645CFD3B}.Release|Any CPU.ActiveCfg = Release|Any CPU
		{E2A609F2-25A5-4CAF-991C-95AC645CFD3B}.Release|Any CPU.Build.0 = Release|Any CPU
		{77B9FC4E-21F0-4F44-BD13-9976D9C9B2BB}.Debug|Any CPU.ActiveCfg = Debug|Any CPU
		{77B9FC4E-21F0-4F44-BD13-9976D9C9B2BB}.Debug|Any CPU.Build.0 = Debug|Any CPU
		{77B9FC4E-21F0-4F44-BD13-9976D9C9B2BB}.Release|Any CPU.ActiveCfg = Release|Any CPU
		{77B9FC4E-21F0-4F44-BD13-9976D9C9B2BB}.Release|Any CPU.Build.0 = Release|Any CPU
	EndGlobalSection
	GlobalSection(SolutionProperties) = preSolution
		HideSolutionNode = FALSE
	EndGlobalSection
EndGlobal
